PODS:
  - AutoInsetter (1.2.6)
  - Pageboy (2.5.4)
  - PureLayout (3.1.2)

DEPENDENCIES:
  - AutoInsetter (~> 1.2.0)
  - Pageboy (~> 2.5.0)
  - PureLayout (~> 3.0)

SPEC REPOS:
  https://github.com/cocoapods/specs.git:
    - AutoInsetter
    - Pageboy
    - PureLayout

SPEC CHECKSUMS:
  AutoInsetter: 3713c857f3c0cc4b6265fe55ecf0c14bfe8622ee
  Pageboy: 46d743783414a18f8b27a988485e0ed2ea219ff7
  PureLayout: 4634d0b61e3b5021166e8ec7c18e9e0ca0720c8b

PODFILE CHECKSUM: 39a20a8ced6404605add472a1b5b452ae5f4b553

COCOAPODS: 1.5.3
